// !$*UTF8*$!
{
	archiveVersion = 1;
	classes = {
	};
	objectVersion = 56;
	objects = {

/* Begin PBXBuildFile section */
		7439B8062A65633400942F34 /* WelcomeSecond.swift in Sources */ = {isa = PBXBuildFile; fileRef = 7439B8052A65633400942F34 /* WelcomeSecond.swift */; };
		7439B8082A65688500942F34 /* TemplateView.swift in Sources */ = {isa = PBXBuildFile; fileRef = 7439B8072A65688500942F34 /* TemplateView.swift */; };
		7439B80A2A65759D00942F34 /* SplashView.swift in Sources */ = {isa = PBXBuildFile; fileRef = 7439B8092A65759D00942F34 /* SplashView.swift */; };
		74C5F44F2A6033B700F5D94F /* ThoughtBubbleView.swift in Sources */ = {isa = PBXBuildFile; fileRef = 74C5F44E2A6033B700F5D94F /* ThoughtBubbleView.swift */; };
		74E563792A657955000A859E /* Launch Screen.storyboard in Resources */ = {isa = PBXBuildFile; fileRef = 74E563782A657955000A859E /* Launch Screen.storyboard */; };
		A5ED46C82A5E49A7000046FE /* CameraView.swift in Sources */ = {isa = PBXBuildFile; fileRef = A5ED46C72A5E49A6000046FE /* CameraView.swift */; };
		A5ED46EA2A5FAC76000046FE /* ContactsView.swift in Sources */ = {isa = PBXBuildFile; fileRef = A5ED46E92A5FAC76000046FE /* ContactsView.swift */; };
		A5ED46EC2A5FAC8E000046FE /* ProfilePictures.swift in Sources */ = {isa = PBXBuildFile; fileRef = A5ED46EB2A5FAC8E000046FE /* ProfilePictures.swift */; };
		E71E5A822A5CE04E005935F7 /* LuminarApp.swift in Sources */ = {isa = PBXBuildFile; fileRef = E71E5A812A5CE04E005935F7 /* LuminarApp.swift */; };
		E71E5A862A5CE050005935F7 /* Assets.xcassets in Resources */ = {isa = PBXBuildFile; fileRef = E71E5A852A5CE050005935F7 /* Assets.xcassets */; };
		E71E5A892A5CE050005935F7 /* Preview Assets.xcassets in Resources */ = {isa = PBXBuildFile; fileRef = E71E5A882A5CE050005935F7 /* Preview Assets.xcassets */; };
		E71E5A942A5CE339005935F7 /* WelcomeFirst.swift in Sources */ = {isa = PBXBuildFile; fileRef = E71E5A932A5CE339005935F7 /* WelcomeFirst.swift */; };
		E71E5A982A5CE46D005935F7 /* HomeView.swift in Sources */ = {isa = PBXBuildFile; fileRef = E71E5A972A5CE46D005935F7 /* HomeView.swift */; };
		E71E5A9A2A5CEB32005935F7 /* Donkey.swift in Sources */ = {isa = PBXBuildFile; fileRef = E71E5A992A5CEB32005935F7 /* Donkey.swift */; };
		E75EF0C22A66160F0090207D /* AddImageTemplate.swift in Sources */ = {isa = PBXBuildFile; fileRef = E75EF0C12A66160F0090207D /* AddImageTemplate.swift */; };
		E75EF0C42A66166F0090207D /* ImagePicker.swift in Sources */ = {isa = PBXBuildFile; fileRef = E75EF0C32A66166F0090207D /* ImagePicker.swift */; };
		E75EF0C62A6618D30090207D /* AppCustomisation.swift in Sources */ = {isa = PBXBuildFile; fileRef = E75EF0C52A6618D20090207D /* AppCustomisation.swift */; };
/* End PBXBuildFile section */

/* Begin PBXFileReference section */
		7439B8052A65633400942F34 /* WelcomeSecond.swift */ = {isa = PBXFileReference; fileEncoding = 4; lastKnownFileType = sourcecode.swift; path = WelcomeSecond.swift; sourceTree = "<group>"; };
		7439B8072A65688500942F34 /* TemplateView.swift */ = {isa = PBXFileReference; fileEncoding = 4; lastKnownFileType = sourcecode.swift; path = TemplateView.swift; sourceTree = "<group>"; };
		7439B8092A65759D00942F34 /* SplashView.swift */ = {isa = PBXFileReference; fileEncoding = 4; lastKnownFileType = sourcecode.swift; path = SplashView.swift; sourceTree = "<group>"; };
		74C5F44E2A6033B700F5D94F /* ThoughtBubbleView.swift */ = {isa = PBXFileReference; lastKnownFileType = sourcecode.swift; path = ThoughtBubbleView.swift; sourceTree = "<group>"; };
		74E563782A657955000A859E /* Launch Screen.storyboard */ = {isa = PBXFileReference; lastKnownFileType = file.storyboard; path = "Launch Screen.storyboard"; sourceTree = "<group>"; };
		A5ED46C72A5E49A6000046FE /* CameraView.swift */ = {isa = PBXFileReference; fileEncoding = 4; lastKnownFileType = sourcecode.swift; path = CameraView.swift; sourceTree = "<group>"; };
		A5ED46E92A5FAC76000046FE /* ContactsView.swift */ = {isa = PBXFileReference; lastKnownFileType = sourcecode.swift; path = ContactsView.swift; sourceTree = "<group>"; };
		A5ED46EB2A5FAC8E000046FE /* ProfilePictures.swift */ = {isa = PBXFileReference; fileEncoding = 4; lastKnownFileType = sourcecode.swift; path = ProfilePictures.swift; sourceTree = "<group>"; };
		E71E5A7E2A5CE04E005935F7 /* Luminar.app */ = {isa = PBXFileReference; explicitFileType = wrapper.application; includeInIndex = 0; path = Luminar.app; sourceTree = BUILT_PRODUCTS_DIR; };
		E71E5A812A5CE04E005935F7 /* LuminarApp.swift */ = {isa = PBXFileReference; lastKnownFileType = sourcecode.swift; path = LuminarApp.swift; sourceTree = "<group>"; };
		E71E5A852A5CE050005935F7 /* Assets.xcassets */ = {isa = PBXFileReference; lastKnownFileType = folder.assetcatalog; path = Assets.xcassets; sourceTree = "<group>"; };
		E71E5A882A5CE050005935F7 /* Preview Assets.xcassets */ = {isa = PBXFileReference; lastKnownFileType = folder.assetcatalog; path = "Preview Assets.xcassets"; sourceTree = "<group>"; };
		E71E5A932A5CE339005935F7 /* WelcomeFirst.swift */ = {isa = PBXFileReference; lastKnownFileType = sourcecode.swift; path = WelcomeFirst.swift; sourceTree = "<group>"; };
		E71E5A972A5CE46D005935F7 /* HomeView.swift */ = {isa = PBXFileReference; lastKnownFileType = sourcecode.swift; path = HomeView.swift; sourceTree = "<group>"; };
		E71E5A992A5CEB32005935F7 /* Donkey.swift */ = {isa = PBXFileReference; lastKnownFileType = sourcecode.swift; path = Donkey.swift; sourceTree = "<group>"; };
		E75EF0C12A66160F0090207D /* AddImageTemplate.swift */ = {isa = PBXFileReference; fileEncoding = 4; lastKnownFileType = sourcecode.swift; path = AddImageTemplate.swift; sourceTree = "<group>"; };
		E75EF0C32A66166F0090207D /* ImagePicker.swift */ = {isa = PBXFileReference; fileEncoding = 4; lastKnownFileType = sourcecode.swift; path = ImagePicker.swift; sourceTree = "<group>"; };
		E75EF0C52A6618D20090207D /* AppCustomisation.swift */ = {isa = PBXFileReference; lastKnownFileType = sourcecode.swift; path = AppCustomisation.swift; sourceTree = "<group>"; };
/* End PBXFileReference section */

/* Begin PBXFrameworksBuildPhase section */
		E71E5A7B2A5CE04E005935F7 /* Frameworks */ = {
			isa = PBXFrameworksBuildPhase;
			buildActionMask = 2147483647;
			files = (
			);
			runOnlyForDeploymentPostprocessing = 0;
		};
/* End PBXFrameworksBuildPhase section */

/* Begin PBXGroup section */
		E71E5A752A5CE04E005935F7 = {
			isa = PBXGroup;
			children = (
				74E563782A657955000A859E /* Launch Screen.storyboard */,
				E71E5A802A5CE04E005935F7 /* Luminar */,
				E71E5A7F2A5CE04E005935F7 /* Products */,
			);
			sourceTree = "<group>";
		};
		E71E5A7F2A5CE04E005935F7 /* Products */ = {
			isa = PBXGroup;
			children = (
				E71E5A7E2A5CE04E005935F7 /* Luminar.app */,
			);
			name = Products;
			sourceTree = "<group>";
		};
		E71E5A802A5CE04E005935F7 /* Luminar */ = {
			isa = PBXGroup;
			children = (
				E71E5A812A5CE04E005935F7 /* LuminarApp.swift */,
				E71E5A972A5CE46D005935F7 /* HomeView.swift */,
				74C5F44E2A6033B700F5D94F /* ThoughtBubbleView.swift */,
				E71E5A932A5CE339005935F7 /* WelcomeFirst.swift */,
				7439B8052A65633400942F34 /* WelcomeSecond.swift */,
				E71E5A992A5CEB32005935F7 /* Donkey.swift */,
				A5ED46C72A5E49A6000046FE /* CameraView.swift */,
				A5ED46E92A5FAC76000046FE /* ContactsView.swift */,
				A5ED46EB2A5FAC8E000046FE /* ProfilePictures.swift */,
				7439B8072A65688500942F34 /* TemplateView.swift */,
				E75EF0C12A66160F0090207D /* AddImageTemplate.swift */,
				E75EF0C32A66166F0090207D /* ImagePicker.swift */,
				E75EF0C52A6618D20090207D /* AppCustomisation.swift */,
				7439B8092A65759D00942F34 /* SplashView.swift */,
				E71E5A852A5CE050005935F7 /* Assets.xcassets */,
				E71E5A872A5CE050005935F7 /* Preview Content */,
			);
			path = Luminar;
			sourceTree = "<group>";
		};
		E71E5A872A5CE050005935F7 /* Preview Content */ = {
			isa = PBXGroup;
			children = (
				E71E5A882A5CE050005935F7 /* Preview Assets.xcassets */,
			);
			path = "Preview Content";
			sourceTree = "<group>";
		};
/* End PBXGroup section */

/* Begin PBXNativeTarget section */
		E71E5A7D2A5CE04E005935F7 /* Luminar */ = {
			isa = PBXNativeTarget;
			buildConfigurationList = E71E5A8C2A5CE050005935F7 /* Build configuration list for PBXNativeTarget "Luminar" */;
			buildPhases = (
				E71E5A7A2A5CE04E005935F7 /* Sources */,
				E71E5A7B2A5CE04E005935F7 /* Frameworks */,
				E71E5A7C2A5CE04E005935F7 /* Resources */,
			);
			buildRules = (
			);
			dependencies = (
			);
			name = Luminar;
			productName = Luminar;
			productReference = E71E5A7E2A5CE04E005935F7 /* Luminar.app */;
			productType = "com.apple.product-type.application";
		};
/* End PBXNativeTarget section */

/* Begin PBXProject section */
		E71E5A762A5CE04E005935F7 /* Project object */ = {
			isa = PBXProject;
			attributes = {
				BuildIndependentTargetsInParallel = 1;
				LastSwiftUpdateCheck = 1430;
				LastUpgradeCheck = 1430;
				TargetAttributes = {
					E71E5A7D2A5CE04E005935F7 = {
						CreatedOnToolsVersion = 14.3.1;
					};
				};
			};
			buildConfigurationList = E71E5A792A5CE04E005935F7 /* Build configuration list for PBXProject "Luminar" */;
			compatibilityVersion = "Xcode 14.0";
			developmentRegion = en;
			hasScannedForEncodings = 0;
			knownRegions = (
				en,
				Base,
			);
			mainGroup = E71E5A752A5CE04E005935F7;
			productRefGroup = E71E5A7F2A5CE04E005935F7 /* Products */;
			projectDirPath = "";
			projectRoot = "";
			targets = (
				E71E5A7D2A5CE04E005935F7 /* Luminar */,
			);
		};
/* End PBXProject section */

/* Begin PBXResourcesBuildPhase section */
		E71E5A7C2A5CE04E005935F7 /* Resources */ = {
			isa = PBXResourcesBuildPhase;
			buildActionMask = 2147483647;
			files = (
				74E563792A657955000A859E /* Launch Screen.storyboard in Resources */,
				E71E5A892A5CE050005935F7 /* Preview Assets.xcassets in Resources */,
				E71E5A862A5CE050005935F7 /* Assets.xcassets in Resources */,
			);
			runOnlyForDeploymentPostprocessing = 0;
		};
/* End PBXResourcesBuildPhase section */

/* Begin PBXSourcesBuildPhase section */
		E71E5A7A2A5CE04E005935F7 /* Sources */ = {
			isa = PBXSourcesBuildPhase;
			buildActionMask = 2147483647;
			files = (
				E75EF0C42A66166F0090207D /* ImagePicker.swift in Sources */,
				E71E5A9A2A5CEB32005935F7 /* Donkey.swift in Sources */,
				7439B80A2A65759D00942F34 /* SplashView.swift in Sources */,
				E71E5A982A5CE46D005935F7 /* HomeView.swift in Sources */,
				A5ED46C82A5E49A7000046FE /* CameraView.swift in Sources */,
				A5ED46EA2A5FAC76000046FE /* ContactsView.swift in Sources */,
				E75EF0C62A6618D30090207D /* AppCustomisation.swift in Sources */,
				74C5F44F2A6033B700F5D94F /* ThoughtBubbleView.swift in Sources */,
				E75EF0C22A66160F0090207D /* AddImageTemplate.swift in Sources */,
				A5ED46EC2A5FAC8E000046FE /* ProfilePictures.swift in Sources */,
				E71E5A942A5CE339005935F7 /* WelcomeFirst.swift in Sources */,
				E71E5A822A5CE04E005935F7 /* LuminarApp.swift in Sources */,
				7439B8082A65688500942F34 /* TemplateView.swift in Sources */,
				7439B8062A65633400942F34 /* WelcomeSecond.swift in Sources */,
			);
			runOnlyForDeploymentPostprocessing = 0;
		};
/* End PBXSourcesBuildPhase section */

/* Begin XCBuildConfiguration section */
		E71E5A8A2A5CE050005935F7 /* Debug */ = {
			isa = XCBuildConfiguration;
			buildSettings = {
				ALWAYS_SEARCH_USER_PATHS = NO;
				CLANG_ANALYZER_NONNULL = YES;
				CLANG_ANALYZER_NUMBER_OBJECT_CONVERSION = YES_AGGRESSIVE;
				CLANG_CXX_LANGUAGE_STANDARD = "gnu++20";
				CLANG_ENABLE_MODULES = YES;
				CLANG_ENABLE_OBJC_ARC = YES;
				CLANG_ENABLE_OBJC_WEAK = YES;
				CLANG_WARN_BLOCK_CAPTURE_AUTORELEASING = YES;
				CLANG_WARN_BOOL_CONVERSION = YES;
				CLANG_WARN_COMMA = YES;
				CLANG_WARN_CONSTANT_CONVERSION = YES;
				CLANG_WARN_DEPRECATED_OBJC_IMPLEMENTATIONS = YES;
				CLANG_WARN_DIRECT_OBJC_ISA_USAGE = YES_ERROR;
				CLANG_WARN_DOCUMENTATION_COMMENTS = YES;
				CLANG_WARN_EMPTY_BODY = YES;
				CLANG_WARN_ENUM_CONVERSION = YES;
				CLANG_WARN_INFINITE_RECURSION = YES;
				CLANG_WARN_INT_CONVERSION = YES;
				CLANG_WARN_NON_LITERAL_NULL_CONVERSION = YES;
				CLANG_WARN_OBJC_IMPLICIT_RETAIN_SELF = YES;
				CLANG_WARN_OBJC_LITERAL_CONVERSION = YES;
				CLANG_WARN_OBJC_ROOT_CLASS = YES_ERROR;
				CLANG_WARN_QUOTED_INCLUDE_IN_FRAMEWORK_HEADER = YES;
				CLANG_WARN_RANGE_LOOP_ANALYSIS = YES;
				CLANG_WARN_STRICT_PROTOTYPES = YES;
				CLANG_WARN_SUSPICIOUS_MOVE = YES;
				CLANG_WARN_UNGUARDED_AVAILABILITY = YES_AGGRESSIVE;
				CLANG_WARN_UNREACHABLE_CODE = YES;
				CLANG_WARN__DUPLICATE_METHOD_MATCH = YES;
				COPY_PHASE_STRIP = NO;
				DEBUG_INFORMATION_FORMAT = dwarf;
				ENABLE_STRICT_OBJC_MSGSEND = YES;
				ENABLE_TESTABILITY = YES;
				GCC_C_LANGUAGE_STANDARD = gnu11;
				GCC_DYNAMIC_NO_PIC = NO;
				GCC_NO_COMMON_BLOCKS = YES;
				GCC_OPTIMIZATION_LEVEL = 0;
				GCC_PREPROCESSOR_DEFINITIONS = (
					"DEBUG=1",
					"$(inherited)",
				);
				GCC_WARN_64_TO_32_BIT_CONVERSION = YES;
				GCC_WARN_ABOUT_RETURN_TYPE = YES_ERROR;
				GCC_WARN_UNDECLARED_SELECTOR = YES;
				GCC_WARN_UNINITIALIZED_AUTOS = YES_AGGRESSIVE;
				GCC_WARN_UNUSED_FUNCTION = YES;
				GCC_WARN_UNUSED_VARIABLE = YES;
				IPHONEOS_DEPLOYMENT_TARGET = 16.4;
				MTL_ENABLE_DEBUG_INFO = INCLUDE_SOURCE;
				MTL_FAST_MATH = YES;
				ONLY_ACTIVE_ARCH = YES;
				SDKROOT = iphoneos;
				SWIFT_ACTIVE_COMPILATION_CONDITIONS = DEBUG;
				SWIFT_OPTIMIZATION_LEVEL = "-Onone";
			};
			name = Debug;
		};
		E71E5A8B2A5CE050005935F7 /* Release */ = {
			isa = XCBuildConfiguration;
			buildSettings = {
				ALWAYS_SEARCH_USER_PATHS = NO;
				CLANG_ANALYZER_NONNULL = YES;
				CLANG_ANALYZER_NUMBER_OBJECT_CONVERSION = YES_AGGRESSIVE;
				CLANG_CXX_LANGUAGE_STANDARD = "gnu++20";
				CLANG_ENABLE_MODULES = YES;
				CLANG_ENABLE_OBJC_ARC = YES;
				CLANG_ENABLE_OBJC_WEAK = YES;
				CLANG_WARN_BLOCK_CAPTURE_AUTORELEASING = YES;
				CLANG_WARN_BOOL_CONVERSION = YES;
				CLANG_WARN_COMMA = YES;
				CLANG_WARN_CONSTANT_CONVERSION = YES;
				CLANG_WARN_DEPRECATED_OBJC_IMPLEMENTATIONS = YES;
				CLANG_WARN_DIRECT_OBJC_ISA_USAGE = YES_ERROR;
				CLANG_WARN_DOCUMENTATION_COMMENTS = YES;
				CLANG_WARN_EMPTY_BODY = YES;
				CLANG_WARN_ENUM_CONVERSION = YES;
				CLANG_WARN_INFINITE_RECURSION = YES;
				CLANG_WARN_INT_CONVERSION = YES;
				CLANG_WARN_NON_LITERAL_NULL_CONVERSION = YES;
				CLANG_WARN_OBJC_IMPLICIT_RETAIN_SELF = YES;
				CLANG_WARN_OBJC_LITERAL_CONVERSION = YES;
				CLANG_WARN_OBJC_ROOT_CLASS = YES_ERROR;
				CLANG_WARN_QUOTED_INCLUDE_IN_FRAMEWORK_HEADER = YES;
				CLANG_WARN_RANGE_LOOP_ANALYSIS = YES;
				CLANG_WARN_STRICT_PROTOTYPES = YES;
				CLANG_WARN_SUSPICIOUS_MOVE = YES;
				CLANG_WARN_UNGUARDED_AVAILABILITY = YES_AGGRESSIVE;
				CLANG_WARN_UNREACHABLE_CODE = YES;
				CLANG_WARN__DUPLICATE_METHOD_MATCH = YES;
				COPY_PHASE_STRIP = NO;
				DEBUG_INFORMATION_FORMAT = "dwarf-with-dsym";
				ENABLE_NS_ASSERTIONS = NO;
				ENABLE_STRICT_OBJC_MSGSEND = YES;
				GCC_C_LANGUAGE_STANDARD = gnu11;
				GCC_NO_COMMON_BLOCKS = YES;
				GCC_WARN_64_TO_32_BIT_CONVERSION = YES;
				GCC_WARN_ABOUT_RETURN_TYPE = YES_ERROR;
				GCC_WARN_UNDECLARED_SELECTOR = YES;
				GCC_WARN_UNINITIALIZED_AUTOS = YES_AGGRESSIVE;
				GCC_WARN_UNUSED_FUNCTION = YES;
				GCC_WARN_UNUSED_VARIABLE = YES;
				IPHONEOS_DEPLOYMENT_TARGET = 16.4;
				MTL_ENABLE_DEBUG_INFO = NO;
				MTL_FAST_MATH = YES;
				SDKROOT = iphoneos;
				SWIFT_COMPILATION_MODE = wholemodule;
				SWIFT_OPTIMIZATION_LEVEL = "-O";
				VALIDATE_PRODUCT = YES;
			};
			name = Release;
		};
		E71E5A8D2A5CE050005935F7 /* Debug */ = {
			isa = XCBuildConfiguration;
			buildSettings = {
				ASSETCATALOG_COMPILER_APPICON_NAME = AppIcon;
				ASSETCATALOG_COMPILER_GLOBAL_ACCENT_COLOR_NAME = AccentColor;
				CODE_SIGN_STYLE = Automatic;
				CURRENT_PROJECT_VERSION = 1;
				DEVELOPMENT_ASSET_PATHS = "\"Luminar/Preview Content\"";
				DEVELOPMENT_TEAM = 876S4LM4HW;
				ENABLE_PREVIEWS = YES;
				GENERATE_INFOPLIST_FILE = YES;
				INFOPLIST_FILE = Luminar/Info.plist;
				INFOPLIST_KEY_LSApplicationCategoryType = "";
				INFOPLIST_KEY_NSCameraUsageDescription = " Required to take photos";
				INFOPLIST_KEY_NSPhotoLibraryUsageDescription = "Permission required to save photos";
				INFOPLIST_KEY_UIApplicationSceneManifest_Generation = YES;
				INFOPLIST_KEY_UIApplicationSupportsIndirectInputEvents = YES;
				INFOPLIST_KEY_UILaunchScreen_Generation = YES;
				INFOPLIST_KEY_UILaunchStoryboardName = SplashViewController;
				INFOPLIST_KEY_UISupportedInterfaceOrientations = UIInterfaceOrientationPortrait;
				LD_RUNPATH_SEARCH_PATHS = (
					"$(inherited)",
					"@executable_path/Frameworks",
				);
				MARKETING_VERSION = 1.0;
				PRODUCT_BUNDLE_IDENTIFIER = masoncao.Luminar;
				PRODUCT_NAME = "$(TARGET_NAME)";
				SWIFT_EMIT_LOC_STRINGS = YES;
				SWIFT_VERSION = 5.0;
				TARGETED_DEVICE_FAMILY = "1,2";
			};
			name = Debug;
		};
		E71E5A8E2A5CE050005935F7 /* Release */ = {
			isa = XCBuildConfiguration;
			buildSettings = {
				ASSETCATALOG_COMPILER_APPICON_NAME = AppIcon;
				ASSETCATALOG_COMPILER_GLOBAL_ACCENT_COLOR_NAME = AccentColor;
				CODE_SIGN_STYLE = Automatic;
				CURRENT_PROJECT_VERSION = 1;
				DEVELOPMENT_ASSET_PATHS = "\"Luminar/Preview Content\"";
				DEVELOPMENT_TEAM = 876S4LM4HW;
				ENABLE_PREVIEWS = YES;
				GENERATE_INFOPLIST_FILE = YES;
				INFOPLIST_FILE = Luminar/Info.plist;
				INFOPLIST_KEY_LSApplicationCategoryType = "";
				INFOPLIST_KEY_NSCameraUsageDescription = " Required to take photos";
				INFOPLIST_KEY_NSPhotoLibraryUsageDescription = "Permission required to save photos";
				INFOPLIST_KEY_UIApplicationSceneManifest_Generation = YES;
				INFOPLIST_KEY_UIApplicationSupportsIndirectInputEvents = YES;
				INFOPLIST_KEY_UILaunchScreen_Generation = YES;
				INFOPLIST_KEY_UILaunchStoryboardName = SplashViewController;
				INFOPLIST_KEY_UISupportedInterfaceOrientations = UIInterfaceOrientationPortrait;
				LD_RUNPATH_SEARCH_PATHS = (
					"$(inherited)",
					"@executable_path/Frameworks",
				);
				MARKETING_VERSION = 1.0;
				PRODUCT_BUNDLE_IDENTIFIER = masoncao.Luminar;
				PRODUCT_NAME = "$(TARGET_NAME)";
				SWIFT_EMIT_LOC_STRINGS = YES;
				SWIFT_VERSION = 5.0;
				TARGETED_DEVICE_FAMILY = "1,2";
			};
			name = Release;
		};
/* End XCBuildConfiguration section */

/* Begin XCConfigurationList section */
		E71E5A792A5CE04E005935F7 /* Build configuration list for PBXProject "Luminar" */ = {
			isa = XCConfigurationList;
			buildConfigurations = (
				E71E5A8A2A5CE050005935F7 /* Debug */,
				E71E5A8B2A5CE050005935F7 /* Release */,
			);
			defaultConfigurationIsVisible = 0;
			defaultConfigurationName = Release;
		};
		E71E5A8C2A5CE050005935F7 /* Build configuration list for PBXNativeTarget "Luminar" */ = {
			isa = XCConfigurationList;
			buildConfigurations = (
				E71E5A8D2A5CE050005935F7 /* Debug */,
				E71E5A8E2A5CE050005935F7 /* Release */,
			);
			defaultConfigurationIsVisible = 0;
			defaultConfigurationName = Release;
		};
/* End XCConfigurationList section */
	};
	rootObject = E71E5A762A5CE04E005935F7 /* Project object */;
}
